{
  "name": "@tgoodington/intuition",
  "version": "8.1.2",
  "lockfileVersion": 3,
  "requires": true,
  "packages": {
    "": {
      "name": "@tgoodington/intuition",
      "version": "8.1.2",
      "hasInstallScript": true,
      "license": "MIT",
      "engines": {
        "node": ">=14.0.0"
      }
    }
  }
}
